
Microsoft Visual Studio Solution File, Format Version 12.00
# Visual Studio Version 16
VisualStudioVersion = 16.0.29519.181
MinimumVisualStudioVersion = 10.0.40219.1
Project("{FAE04EC0-301F-11D3-BF4B-00C04F79EFBC}") = "SocketClient_Bellacci", "SocketClient_Bellacci\SocketClient_Bellacci.csproj", "{B4B437C8-E6EC-48DC-8D52-A3B319D912E9}"
EndProject
Global
	GlobalSection(SolutionConfigurationPlatforms) = preSolution
		Debug|Any CPU = Debug|Any CPU
		Release|Any CPU = Release|Any CPU
	EndGlobalSection
	GlobalSection(ProjectConfigurationPlatforms) = postSolution
		{B4B437C8-E6EC-48DC-8D52-A3B319D912E9}.Debug|Any CPU.ActiveCfg = Debug|Any CPU
		{B4B437C8-E6EC-48DC-8D52-A3B319D912E9}.Debug|Any CPU.Build.0 = Debug|Any CPU
		{B4B437C8-E6EC-48DC-8D52-A3B319D912E9}.Release|Any CPU.ActiveCfg = Release|Any CPU
		{B4B437C8-E6EC-48DC-8D52-A3B319D912E9}.Release|Any CPU.Build.0 = Release|Any CPU
	EndGlobalSection
	GlobalSection(SolutionProperties) = preSolution
		HideSolutionNode = FALSE
	EndGlobalSection
	GlobalSection(ExtensibilityGlobals) = postSolution
		SolutionGuid = {F69A8480-7405-4E1D-8C66-12C6419B27E2}
	EndGlobalSection
EndGlobal
